
Microsoft Visual Studio Solution File, Format Version 12.00
# Visual Studio Version 17
VisualStudioVersion = 17.11.35219.272
MinimumVisualStudioVersion = 10.0.40219.1
Project("{FAE04EC0-301F-11D3-BF4B-00C04F79EFBC}") = "BlazorEntraIdAuthentication", "BlazorEntraIdAuthentication.csproj", "{56F72AFD-8B36-4D71-8820-77604C83B610}"
EndProject
Global
	GlobalSection(SolutionConfigurationPlatforms) = preSolution
		Debug|Any CPU = Debug|Any CPU
		Release|Any CPU = Release|Any CPU
	EndGlobalSection
	GlobalSection(ProjectConfigurationPlatforms) = postSolution
		{56F72AFD-8B36-4D71-8820-77604C83B610}.Debug|Any CPU.ActiveCfg = Debug|Any CPU
		{56F72AFD-8B36-4D71-8820-77604C83B610}.Debug|Any CPU.Build.0 = Debug|Any CPU
		{56F72AFD-8B36-4D71-8820-77604C83B610}.Release|Any CPU.ActiveCfg = Release|Any CPU
		{56F72AFD-8B36-4D71-8820-77604C83B610}.Release|Any CPU.Build.0 = Release|Any CPU
	EndGlobalSection
	GlobalSection(SolutionProperties) = preSolution
		HideSolutionNode = FALSE
	EndGlobalSection
	GlobalSection(ExtensibilityGlobals) = postSolution
		SolutionGuid = {39BAC242-EC17-4634-AD4B-0CE136BAF049}
	EndGlobalSection
EndGlobal
